// !$*UTF8*$!
{
	archiveVersion = 1;
	classes = {
	};
	objectVersion = 56;
	objects = {

/* Begin PBXBuildFile section */
		3386137F29FFBF66000558A6 /* SwiftUI_Coredata_introApp.swift in Sources */ = {isa = PBXBuildFile; fileRef = 3386137E29FFBF66000558A6 /* SwiftUI_Coredata_introApp.swift */; };
		3386138129FFBF66000558A6 /* ContentView.swift in Sources */ = {isa = PBXBuildFile; fileRef = 3386138029FFBF66000558A6 /* ContentView.swift */; };
		3386138329FFBF68000558A6 /* Assets.xcassets in Resources */ = {isa = PBXBuildFile; fileRef = 3386138229FFBF68000558A6 /* Assets.xcassets */; };
		3386138629FFBF68000558A6 /* Preview Assets.xcassets in Resources */ = {isa = PBXBuildFile; fileRef = 3386138529FFBF68000558A6 /* Preview Assets.xcassets */; };
		3386138829FFBF68000558A6 /* Persistence.swift in Sources */ = {isa = PBXBuildFile; fileRef = 3386138729FFBF68000558A6 /* Persistence.swift */; };
		3386138B29FFBF68000558A6 /* SwiftUI_Coredata_intro.xcdatamodeld in Sources */ = {isa = PBXBuildFile; fileRef = 3386138929FFBF68000558A6 /* SwiftUI_Coredata_intro.xcdatamodeld */; };
		3386139529FFBF68000558A6 /* SwiftUI_Coredata_introTests.swift in Sources */ = {isa = PBXBuildFile; fileRef = 3386139429FFBF68000558A6 /* SwiftUI_Coredata_introTests.swift */; };
		3386139F29FFBF68000558A6 /* SwiftUI_Coredata_introUITests.swift in Sources */ = {isa = PBXBuildFile; fileRef = 3386139E29FFBF68000558A6 /* SwiftUI_Coredata_introUITests.swift */; };
		338613A129FFBF68000558A6 /* SwiftUI_Coredata_introUITestsLaunchTests.swift in Sources */ = {isa = PBXBuildFile; fileRef = 338613A029FFBF68000558A6 /* SwiftUI_Coredata_introUITestsLaunchTests.swift */; };
/* End PBXBuildFile section */

/* Begin PBXContainerItemProxy section */
		3386139129FFBF68000558A6 /* PBXContainerItemProxy */ = {
			isa = PBXContainerItemProxy;
			containerPortal = 3386137329FFBF66000558A6 /* Project object */;
			proxyType = 1;
			remoteGlobalIDString = 3386137A29FFBF66000558A6;
			remoteInfo = "SwiftUI-Coredata-intro";
		};
		3386139B29FFBF68000558A6 /* PBXContainerItemProxy */ = {
			isa = PBXContainerItemProxy;
			containerPortal = 3386137329FFBF66000558A6 /* Project object */;
			proxyType = 1;
			remoteGlobalIDString = 3386137A29FFBF66000558A6;
			remoteInfo = "SwiftUI-Coredata-intro";
		};
/* End PBXContainerItemProxy section */

/* Begin PBXFileReference section */
		3386137B29FFBF66000558A6 /* SwiftUI-Coredata-intro.app */ = {isa = PBXFileReference; explicitFileType = wrapper.application; includeInIndex = 0; path = "SwiftUI-Coredata-intro.app"; sourceTree = BUILT_PRODUCTS_DIR; };
		3386137E29FFBF66000558A6 /* SwiftUI_Coredata_introApp.swift */ = {isa = PBXFileReference; lastKnownFileType = sourcecode.swift; path = SwiftUI_Coredata_introApp.swift; sourceTree = "<group>"; };
		3386138029FFBF66000558A6 /* ContentView.swift */ = {isa = PBXFileReference; lastKnownFileType = sourcecode.swift; path = ContentView.swift; sourceTree = "<group>"; };
		3386138229FFBF68000558A6 /* Assets.xcassets */ = {isa = PBXFileReference; lastKnownFileType = folder.assetcatalog; path = Assets.xcassets; sourceTree = "<group>"; };
		3386138529FFBF68000558A6 /* Preview Assets.xcassets */ = {isa = PBXFileReference; lastKnownFileType = folder.assetcatalog; path = "Preview Assets.xcassets"; sourceTree = "<group>"; };
		3386138729FFBF68000558A6 /* Persistence.swift */ = {isa = PBXFileReference; lastKnownFileType = sourcecode.swift; path = Persistence.swift; sourceTree = "<group>"; };
		3386138A29FFBF68000558A6 /* SwiftUI_Coredata_intro.xcdatamodel */ = {isa = PBXFileReference; lastKnownFileType = wrapper.xcdatamodel; path = SwiftUI_Coredata_intro.xcdatamodel; sourceTree = "<group>"; };
		3386139029FFBF68000558A6 /* SwiftUI-Coredata-introTests.xctest */ = {isa = PBXFileReference; explicitFileType = wrapper.cfbundle; includeInIndex = 0; path = "SwiftUI-Coredata-introTests.xctest"; sourceTree = BUILT_PRODUCTS_DIR; };
		3386139429FFBF68000558A6 /* SwiftUI_Coredata_introTests.swift */ = {isa = PBXFileReference; lastKnownFileType = sourcecode.swift; path = SwiftUI_Coredata_introTests.swift; sourceTree = "<group>"; };
		3386139A29FFBF68000558A6 /* SwiftUI-Coredata-introUITests.xctest */ = {isa = PBXFileReference; explicitFileType = wrapper.cfbundle; includeInIndex = 0; path = "SwiftUI-Coredata-introUITests.xctest"; sourceTree = BUILT_PRODUCTS_DIR; };
		3386139E29FFBF68000558A6 /* SwiftUI_Coredata_introUITests.swift */ = {isa = PBXFileReference; lastKnownFileType = sourcecode.swift; path = SwiftUI_Coredata_introUITests.swift; sourceTree = "<group>"; };
		338613A029FFBF68000558A6 /* SwiftUI_Coredata_introUITestsLaunchTests.swift */ = {isa = PBXFileReference; lastKnownFileType = sourcecode.swift; path = SwiftUI_Coredata_introUITestsLaunchTests.swift; sourceTree = "<group>"; };
/* End PBXFileReference section */

/* Begin PBXFrameworksBuildPhase section */
		3386137829FFBF66000558A6 /* Frameworks */ = {
			isa = PBXFrameworksBuildPhase;
			buildActionMask = 2147483647;
			files = (
			);
			runOnlyForDeploymentPostprocessing = 0;
		};
		3386138D29FFBF68000558A6 /* Frameworks */ = {
			isa = PBXFrameworksBuildPhase;
			buildActionMask = 2147483647;
			files = (
			);
			runOnlyForDeploymentPostprocessing = 0;
		};
		3386139729FFBF68000558A6 /* Frameworks */ = {
			isa = PBXFrameworksBuildPhase;
			buildActionMask = 2147483647;
			files = (
			);
			runOnlyForDeploymentPostprocessing = 0;
		};
/* End PBXFrameworksBuildPhase section */

/* Begin PBXGroup section */
		3386137229FFBF66000558A6 = {
			isa = PBXGroup;
			children = (
				3386137D29FFBF66000558A6 /* SwiftUI-Coredata-intro */,
				3386139329FFBF68000558A6 /* SwiftUI-Coredata-introTests */,
				3386139D29FFBF68000558A6 /* SwiftUI-Coredata-introUITests */,
				3386137C29FFBF66000558A6 /* Products */,
			);
			sourceTree = "<group>";
		};
		3386137C29FFBF66000558A6 /* Products */ = {
			isa = PBXGroup;
			children = (
				3386137B29FFBF66000558A6 /* SwiftUI-Coredata-intro.app */,
				3386139029FFBF68000558A6 /* SwiftUI-Coredata-introTests.xctest */,
				3386139A29FFBF68000558A6 /* SwiftUI-Coredata-introUITests.xctest */,
			);
			name = Products;
			sourceTree = "<group>";
		};
		3386137D29FFBF66000558A6 /* SwiftUI-Coredata-intro */ = {
			isa = PBXGroup;
			children = (
				3386137E29FFBF66000558A6 /* SwiftUI_Coredata_introApp.swift */,
				3386138029FFBF66000558A6 /* ContentView.swift */,
				3386138229FFBF68000558A6 /* Assets.xcassets */,
				3386138729FFBF68000558A6 /* Persistence.swift */,
				3386138929FFBF68000558A6 /* SwiftUI_Coredata_intro.xcdatamodeld */,
				3386138429FFBF68000558A6 /* Preview Content */,
			);
			path = "SwiftUI-Coredata-intro";
			sourceTree = "<group>";
		};
		3386138429FFBF68000558A6 /* Preview Content */ = {
			isa = PBXGroup;
			children = (
				3386138529FFBF68000558A6 /* Preview Assets.xcassets */,
			);
			path = "Preview Content";
			sourceTree = "<group>";
		};
		3386139329FFBF68000558A6 /* SwiftUI-Coredata-introTests */ = {
			isa = PBXGroup;
			children = (
				3386139429FFBF68000558A6 /* SwiftUI_Coredata_introTests.swift */,
			);
			path = "SwiftUI-Coredata-introTests";
			sourceTree = "<group>";
		};
		3386139D29FFBF68000558A6 /* SwiftUI-Coredata-introUITests */ = {
			isa = PBXGroup;
			children = (
				3386139E29FFBF68000558A6 /* SwiftUI_Coredata_introUITests.swift */,
				338613A029FFBF68000558A6 /* SwiftUI_Coredata_introUITestsLaunchTests.swift */,
			);
			path = "SwiftUI-Coredata-introUITests";
			sourceTree = "<group>";
		};
/* End PBXGroup section */

/* Begin PBXNativeTarget section */
		3386137A29FFBF66000558A6 /* SwiftUI-Coredata-intro */ = {
			isa = PBXNativeTarget;
			buildConfigurationList = 338613A429FFBF68000558A6 /* Build configuration list for PBXNativeTarget "SwiftUI-Coredata-intro" */;
			buildPhases = (
				3386137729FFBF66000558A6 /* Sources */,
				3386137829FFBF66000558A6 /* Frameworks */,
				3386137929FFBF66000558A6 /* Resources */,
			);
			buildRules = (
			);
			dependencies = (
			);
			name = "SwiftUI-Coredata-intro";
			productName = "SwiftUI-Coredata-intro";
			productReference = 3386137B29FFBF66000558A6 /* SwiftUI-Coredata-intro.app */;
			productType = "com.apple.product-type.application";
		};
		3386138F29FFBF68000558A6 /* SwiftUI-Coredata-introTests */ = {
			isa = PBXNativeTarget;
			buildConfigurationList = 338613A729FFBF68000558A6 /* Build configuration list for PBXNativeTarget "SwiftUI-Coredata-introTests" */;
			buildPhases = (
				3386138C29FFBF68000558A6 /* Sources */,
				3386138D29FFBF68000558A6 /* Frameworks */,
				3386138E29FFBF68000558A6 /* Resources */,
			);
			buildRules = (
			);
			dependencies = (
				3386139229FFBF68000558A6 /* PBXTargetDependency */,
			);
			name = "SwiftUI-Coredata-introTests";
			productName = "SwiftUI-Coredata-introTests";
			productReference = 3386139029FFBF68000558A6 /* SwiftUI-Coredata-introTests.xctest */;
			productType = "com.apple.product-type.bundle.unit-test";
		};
		3386139929FFBF68000558A6 /* SwiftUI-Coredata-introUITests */ = {
			isa = PBXNativeTarget;
			buildConfigurationList = 338613AA29FFBF68000558A6 /* Build configuration list for PBXNativeTarget "SwiftUI-Coredata-introUITests" */;
			buildPhases = (
				3386139629FFBF68000558A6 /* Sources */,
				3386139729FFBF68000558A6 /* Frameworks */,
				3386139829FFBF68000558A6 /* Resources */,
			);
			buildRules = (
			);
			dependencies = (
				3386139C29FFBF68000558A6 /* PBXTargetDependency */,
			);
			name = "SwiftUI-Coredata-introUITests";
			productName = "SwiftUI-Coredata-introUITests";
			productReference = 3386139A29FFBF68000558A6 /* SwiftUI-Coredata-introUITests.xctest */;
			productType = "com.apple.product-type.bundle.ui-testing";
		};
/* End PBXNativeTarget section */

/* Begin PBXProject section */
		3386137329FFBF66000558A6 /* Project object */ = {
			isa = PBXProject;
			attributes = {
				BuildIndependentTargetsInParallel = 1;
				LastSwiftUpdateCheck = 1430;
				LastUpgradeCheck = 1430;
				TargetAttributes = {
					3386137A29FFBF66000558A6 = {
						CreatedOnToolsVersion = 14.3;
					};
					3386138F29FFBF68000558A6 = {
						CreatedOnToolsVersion = 14.3;
						TestTargetID = 3386137A29FFBF66000558A6;
					};
					3386139929FFBF68000558A6 = {
						CreatedOnToolsVersion = 14.3;
						TestTargetID = 3386137A29FFBF66000558A6;
					};
				};
			};
			buildConfigurationList = 3386137629FFBF66000558A6 /* Build configuration list for PBXProject "SwiftUI-Coredata-intro" */;
			compatibilityVersion = "Xcode 14.0";
			developmentRegion = en;
			hasScannedForEncodings = 0;
			knownRegions = (
				en,
				Base,
			);
			mainGroup = 3386137229FFBF66000558A6;
			productRefGroup = 3386137C29FFBF66000558A6 /* Products */;
			projectDirPath = "";
			projectRoot = "";
			targets = (
				3386137A29FFBF66000558A6 /* SwiftUI-Coredata-intro */,
				3386138F29FFBF68000558A6 /* SwiftUI-Coredata-introTests */,
				3386139929FFBF68000558A6 /* SwiftUI-Coredata-introUITests */,
			);
		};
/* End PBXProject section */

/* Begin PBXResourcesBuildPhase section */
		3386137929FFBF66000558A6 /* Resources */ = {
			isa = PBXResourcesBuildPhase;
			buildActionMask = 2147483647;
			files = (
				3386138629FFBF68000558A6 /* Preview Assets.xcassets in Resources */,
				3386138329FFBF68000558A6 /* Assets.xcassets in Resources */,
			);
			runOnlyForDeploymentPostprocessing = 0;
		};
		3386138E29FFBF68000558A6 /* Resources */ = {
			isa = PBXResourcesBuildPhase;
			buildActionMask = 2147483647;
			files = (
			);
			runOnlyForDeploymentPostprocessing = 0;
		};
		3386139829FFBF68000558A6 /* Resources */ = {
			isa = PBXResourcesBuildPhase;
			buildActionMask = 2147483647;
			files = (
			);
			runOnlyForDeploymentPostprocessing = 0;
		};
/* End PBXResourcesBuildPhase section */

/* Begin PBXSourcesBuildPhase section */
		3386137729FFBF66000558A6 /* Sources */ = {
			isa = PBXSourcesBuildPhase;
			buildActionMask = 2147483647;
			files = (
				3386138829FFBF68000558A6 /* Persistence.swift in Sources */,
				3386138129FFBF66000558A6 /* ContentView.swift in Sources */,
				3386137F29FFBF66000558A6 /* SwiftUI_Coredata_introApp.swift in Sources */,
				3386138B29FFBF68000558A6 /* SwiftUI_Coredata_intro.xcdatamodeld in Sources */,
			);
			runOnlyForDeploymentPostprocessing = 0;
		};
		3386138C29FFBF68000558A6 /* Sources */ = {
			isa = PBXSourcesBuildPhase;
			buildActionMask = 2147483647;
			files = (
				3386139529FFBF68000558A6 /* SwiftUI_Coredata_introTests.swift in Sources */,
			);
			runOnlyForDeploymentPostprocessing = 0;
		};
		3386139629FFBF68000558A6 /* Sources */ = {
			isa = PBXSourcesBuildPhase;
			buildActionMask = 2147483647;
			files = (
				338613A129FFBF68000558A6 /* SwiftUI_Coredata_introUITestsLaunchTests.swift in Sources */,
				3386139F29FFBF68000558A6 /* SwiftUI_Coredata_introUITests.swift in Sources */,
			);
			runOnlyForDeploymentPostprocessing = 0;
		};
/* End PBXSourcesBuildPhase section */

/* Begin PBXTargetDependency section */
		3386139229FFBF68000558A6 /* PBXTargetDependency */ = {
			isa = PBXTargetDependency;
			target = 3386137A29FFBF66000558A6 /* SwiftUI-Coredata-intro */;
			targetProxy = 3386139129FFBF68000558A6 /* PBXContainerItemProxy */;
		};
		3386139C29FFBF68000558A6 /* PBXTargetDependency */ = {
			isa = PBXTargetDependency;
			target = 3386137A29FFBF66000558A6 /* SwiftUI-Coredata-intro */;
			targetProxy = 3386139B29FFBF68000558A6 /* PBXContainerItemProxy */;
		};
/* End PBXTargetDependency section */

/* Begin XCBuildConfiguration section */
		338613A229FFBF68000558A6 /* Debug */ = {
			isa = XCBuildConfiguration;
			buildSettings = {
				ALWAYS_SEARCH_USER_PATHS = NO;
				CLANG_ANALYZER_NONNULL = YES;
				CLANG_ANALYZER_NUMBER_OBJECT_CONVERSION = YES_AGGRESSIVE;
				CLANG_CXX_LANGUAGE_STANDARD = "gnu++20";
				CLANG_ENABLE_MODULES = YES;
				CLANG_ENABLE_OBJC_ARC = YES;
				CLANG_ENABLE_OBJC_WEAK = YES;
				CLANG_WARN_BLOCK_CAPTURE_AUTORELEASING = YES;
				CLANG_WARN_BOOL_CONVERSION = YES;
				CLANG_WARN_COMMA = YES;
				CLANG_WARN_CONSTANT_CONVERSION = YES;
				CLANG_WARN_DEPRECATED_OBJC_IMPLEMENTATIONS = YES;
				CLANG_WARN_DIRECT_OBJC_ISA_USAGE = YES_ERROR;
				CLANG_WARN_DOCUMENTATION_COMMENTS = YES;
				CLANG_WARN_EMPTY_BODY = YES;
				CLANG_WARN_ENUM_CONVERSION = YES;
				CLANG_WARN_INFINITE_RECURSION = YES;
				CLANG_WARN_INT_CONVERSION = YES;
				CLANG_WARN_NON_LITERAL_NULL_CONVERSION = YES;
				CLANG_WARN_OBJC_IMPLICIT_RETAIN_SELF = YES;
				CLANG_WARN_OBJC_LITERAL_CONVERSION = YES;
				CLANG_WARN_OBJC_ROOT_CLASS = YES_ERROR;
				CLANG_WARN_QUOTED_INCLUDE_IN_FRAMEWORK_HEADER = YES;
				CLANG_WARN_RANGE_LOOP_ANALYSIS = YES;
				CLANG_WARN_STRICT_PROTOTYPES = YES;
				CLANG_WARN_SUSPICIOUS_MOVE = YES;
				CLANG_WARN_UNGUARDED_AVAILABILITY = YES_AGGRESSIVE;
				CLANG_WARN_UNREACHABLE_CODE = YES;
				CLANG_WARN__DUPLICATE_METHOD_MATCH = YES;
				COPY_PHASE_STRIP = NO;
				DEBUG_INFORMATION_FORMAT = dwarf;
				ENABLE_STRICT_OBJC_MSGSEND = YES;
				ENABLE_TESTABILITY = YES;
				GCC_C_LANGUAGE_STANDARD = gnu11;
				GCC_DYNAMIC_NO_PIC = NO;
				GCC_NO_COMMON_BLOCKS = YES;
				GCC_OPTIMIZATION_LEVEL = 0;
				GCC_PREPROCESSOR_DEFINITIONS = (
					"DEBUG=1",
					"$(inherited)",
				);
				GCC_WARN_64_TO_32_BIT_CONVERSION = YES;
				GCC_WARN_ABOUT_RETURN_TYPE = YES_ERROR;
				GCC_WARN_UNDECLARED_SELECTOR = YES;
				GCC_WARN_UNINITIALIZED_AUTOS = YES_AGGRESSIVE;
				GCC_WARN_UNUSED_FUNCTION = YES;
				GCC_WARN_UNUSED_VARIABLE = YES;
				IPHONEOS_DEPLOYMENT_TARGET = 16.4;
				MTL_ENABLE_DEBUG_INFO = INCLUDE_SOURCE;
				MTL_FAST_MATH = YES;
				ONLY_ACTIVE_ARCH = YES;
				SDKROOT = iphoneos;
				SWIFT_ACTIVE_COMPILATION_CONDITIONS = DEBUG;
				SWIFT_OPTIMIZATION_LEVEL = "-Onone";
			};
			name = Debug;
		};
		338613A329FFBF68000558A6 /* Release */ = {
			isa = XCBuildConfiguration;
			buildSettings = {
				ALWAYS_SEARCH_USER_PATHS = NO;
				CLANG_ANALYZER_NONNULL = YES;
				CLANG_ANALYZER_NUMBER_OBJECT_CONVERSION = YES_AGGRESSIVE;
				CLANG_CXX_LANGUAGE_STANDARD = "gnu++20";
				CLANG_ENABLE_MODULES = YES;
				CLANG_ENABLE_OBJC_ARC = YES;
				CLANG_ENABLE_OBJC_WEAK = YES;
				CLANG_WARN_BLOCK_CAPTURE_AUTORELEASING = YES;
				CLANG_WARN_BOOL_CONVERSION = YES;
				CLANG_WARN_COMMA = YES;
				CLANG_WARN_CONSTANT_CONVERSION = YES;
				CLANG_WARN_DEPRECATED_OBJC_IMPLEMENTATIONS = YES;
				CLANG_WARN_DIRECT_OBJC_ISA_USAGE = YES_ERROR;
				CLANG_WARN_DOCUMENTATION_COMMENTS = YES;
				CLANG_WARN_EMPTY_BODY = YES;
				CLANG_WARN_ENUM_CONVERSION = YES;
				CLANG_WARN_INFINITE_RECURSION = YES;
				CLANG_WARN_INT_CONVERSION = YES;
				CLANG_WARN_NON_LITERAL_NULL_CONVERSION = YES;
				CLANG_WARN_OBJC_IMPLICIT_RETAIN_SELF = YES;
				CLANG_WARN_OBJC_LITERAL_CONVERSION = YES;
				CLANG_WARN_OBJC_ROOT_CLASS = YES_ERROR;
				CLANG_WARN_QUOTED_INCLUDE_IN_FRAMEWORK_HEADER = YES;
				CLANG_WARN_RANGE_LOOP_ANALYSIS = YES;
				CLANG_WARN_STRICT_PROTOTYPES = YES;
				CLANG_WARN_SUSPICIOUS_MOVE = YES;
				CLANG_WARN_UNGUARDED_AVAILABILITY = YES_AGGRESSIVE;
				CLANG_WARN_UNREACHABLE_CODE = YES;
				CLANG_WARN__DUPLICATE_METHOD_MATCH = YES;
				COPY_PHASE_STRIP = NO;
				DEBUG_INFORMATION_FORMAT = "dwarf-with-dsym";
				ENABLE_NS_ASSERTIONS = NO;
				ENABLE_STRICT_OBJC_MSGSEND = YES;
				GCC_C_LANGUAGE_STANDARD = gnu11;
				GCC_NO_COMMON_BLOCKS = YES;
				GCC_WARN_64_TO_32_BIT_CONVERSION = YES;
				GCC_WARN_ABOUT_RETURN_TYPE = YES_ERROR;
				GCC_WARN_UNDECLARED_SELECTOR = YES;
				GCC_WARN_UNINITIALIZED_AUTOS = YES_AGGRESSIVE;
				GCC_WARN_UNUSED_FUNCTION = YES;
				GCC_WARN_UNUSED_VARIABLE = YES;
				IPHONEOS_DEPLOYMENT_TARGET = 16.4;
				MTL_ENABLE_DEBUG_INFO = NO;
				MTL_FAST_MATH = YES;
				SDKROOT = iphoneos;
				SWIFT_COMPILATION_MODE = wholemodule;
				SWIFT_OPTIMIZATION_LEVEL = "-O";
				VALIDATE_PRODUCT = YES;
			};
			name = Release;
		};
		338613A529FFBF68000558A6 /* Debug */ = {
			isa = XCBuildConfiguration;
			buildSettings = {
				ASSETCATALOG_COMPILER_APPICON_NAME = AppIcon;
				ASSETCATALOG_COMPILER_GLOBAL_ACCENT_COLOR_NAME = AccentColor;
				CODE_SIGN_STYLE = Automatic;
				CURRENT_PROJECT_VERSION = 1;
				DEVELOPMENT_ASSET_PATHS = "\"SwiftUI-Coredata-intro/Preview Content\"";
				DEVELOPMENT_TEAM = 79WWGD3DV6;
				ENABLE_PREVIEWS = YES;
				GENERATE_INFOPLIST_FILE = YES;
				INFOPLIST_KEY_UIApplicationSceneManifest_Generation = YES;
				INFOPLIST_KEY_UIApplicationSupportsIndirectInputEvents = YES;
				INFOPLIST_KEY_UILaunchScreen_Generation = YES;
				INFOPLIST_KEY_UISupportedInterfaceOrientations_iPad = "UIInterfaceOrientationPortrait UIInterfaceOrientationPortraitUpsideDown UIInterfaceOrientationLandscapeLeft UIInterfaceOrientationLandscapeRight";
				INFOPLIST_KEY_UISupportedInterfaceOrientations_iPhone = "UIInterfaceOrientationPortrait UIInterfaceOrientationLandscapeLeft UIInterfaceOrientationLandscapeRight";
				LD_RUNPATH_SEARCH_PATHS = (
					"$(inherited)",
					"@executable_path/Frameworks",
				);
				MARKETING_VERSION = 1.0;
				PRODUCT_BUNDLE_IDENTIFIER = "FU.SwiftUI-Coredata-intro";
				PRODUCT_NAME = "$(TARGET_NAME)";
				SWIFT_EMIT_LOC_STRINGS = YES;
				SWIFT_VERSION = 5.0;
				TARGETED_DEVICE_FAMILY = "1,2";
			};
			name = Debug;
		};
		338613A629FFBF68000558A6 /* Release */ = {
			isa = XCBuildConfiguration;
			buildSettings = {
				ASSETCATALOG_COMPILER_APPICON_NAME = AppIcon;
				ASSETCATALOG_COMPILER_GLOBAL_ACCENT_COLOR_NAME = AccentColor;
				CODE_SIGN_STYLE = Automatic;
				CURRENT_PROJECT_VERSION = 1;
				DEVELOPMENT_ASSET_PATHS = "\"SwiftUI-Coredata-intro/Preview Content\"";
				DEVELOPMENT_TEAM = 79WWGD3DV6;
				ENABLE_PREVIEWS = YES;
				GENERATE_INFOPLIST_FILE = YES;
				INFOPLIST_KEY_UIApplicationSceneManifest_Generation = YES;
				INFOPLIST_KEY_UIApplicationSupportsIndirectInputEvents = YES;
				INFOPLIST_KEY_UILaunchScreen_Generation = YES;
				INFOPLIST_KEY_UISupportedInterfaceOrientations_iPad = "UIInterfaceOrientationPortrait UIInterfaceOrientationPortraitUpsideDown UIInterfaceOrientationLandscapeLeft UIInterfaceOrientationLandscapeRight";
				INFOPLIST_KEY_UISupportedInterfaceOrientations_iPhone = "UIInterfaceOrientationPortrait UIInterfaceOrientationLandscapeLeft UIInterfaceOrientationLandscapeRight";
				LD_RUNPATH_SEARCH_PATHS = (
					"$(inherited)",
					"@executable_path/Frameworks",
				);
				MARKETING_VERSION = 1.0;
				PRODUCT_BUNDLE_IDENTIFIER = "FU.SwiftUI-Coredata-intro";
				PRODUCT_NAME = "$(TARGET_NAME)";
				SWIFT_EMIT_LOC_STRINGS = YES;
				SWIFT_VERSION = 5.0;
				TARGETED_DEVICE_FAMILY = "1,2";
			};
			name = Release;
		};
		338613A829FFBF68000558A6 /* Debug */ = {
			isa = XCBuildConfiguration;
			buildSettings = {
				ALWAYS_EMBED_SWIFT_STANDARD_LIBRARIES = YES;
				BUNDLE_LOADER = "$(TEST_HOST)";
				CODE_SIGN_STYLE = Automatic;
				CURRENT_PROJECT_VERSION = 1;
				DEVELOPMENT_TEAM = 79WWGD3DV6;
				GENERATE_INFOPLIST_FILE = YES;
				IPHONEOS_DEPLOYMENT_TARGET = 16.4;
				MARKETING_VERSION = 1.0;
				PRODUCT_BUNDLE_IDENTIFIER = "FU.SwiftUI-Coredata-introTests";
				PRODUCT_NAME = "$(TARGET_NAME)";
				SWIFT_EMIT_LOC_STRINGS = NO;
				SWIFT_VERSION = 5.0;
				TARGETED_DEVICE_FAMILY = "1,2";
				TEST_HOST = "$(BUILT_PRODUCTS_DIR)/SwiftUI-Coredata-intro.app/$(BUNDLE_EXECUTABLE_FOLDER_PATH)/SwiftUI-Coredata-intro";
			};
			name = Debug;
		};
		338613A929FFBF68000558A6 /* Release */ = {
			isa = XCBuildConfiguration;
			buildSettings = {
				ALWAYS_EMBED_SWIFT_STANDARD_LIBRARIES = YES;
				BUNDLE_LOADER = "$(TEST_HOST)";
				CODE_SIGN_STYLE = Automatic;
				CURRENT_PROJECT_VERSION = 1;
				DEVELOPMENT_TEAM = 79WWGD3DV6;
				GENERATE_INFOPLIST_FILE = YES;
				IPHONEOS_DEPLOYMENT_TARGET = 16.4;
				MARKETING_VERSION = 1.0;
				PRODUCT_BUNDLE_IDENTIFIER = "FU.SwiftUI-Coredata-introTests";
				PRODUCT_NAME = "$(TARGET_NAME)";
				SWIFT_EMIT_LOC_STRINGS = NO;
				SWIFT_VERSION = 5.0;
				TARGETED_DEVICE_FAMILY = "1,2";
				TEST_HOST = "$(BUILT_PRODUCTS_DIR)/SwiftUI-Coredata-intro.app/$(BUNDLE_EXECUTABLE_FOLDER_PATH)/SwiftUI-Coredata-intro";
			};
			name = Release;
		};
		338613AB29FFBF68000558A6 /* Debug */ = {
			isa = XCBuildConfiguration;
			buildSettings = {
				ALWAYS_EMBED_SWIFT_STANDARD_LIBRARIES = YES;
				CODE_SIGN_STYLE = Automatic;
				CURRENT_PROJECT_VERSION = 1;
				DEVELOPMENT_TEAM = 79WWGD3DV6;
				GENERATE_INFOPLIST_FILE = YES;
				MARKETING_VERSION = 1.0;
				PRODUCT_BUNDLE_IDENTIFIER = "FU.SwiftUI-Coredata-introUITests";
				PRODUCT_NAME = "$(TARGET_NAME)";
				SWIFT_EMIT_LOC_STRINGS = NO;
				SWIFT_VERSION = 5.0;
				TARGETED_DEVICE_FAMILY = "1,2";
				TEST_TARGET_NAME = "SwiftUI-Coredata-intro";
			};
			name = Debug;
		};
		338613AC29FFBF68000558A6 /* Release */ = {
			isa = XCBuildConfiguration;
			buildSettings = {
				ALWAYS_EMBED_SWIFT_STANDARD_LIBRARIES = YES;
				CODE_SIGN_STYLE = Automatic;
				CURRENT_PROJECT_VERSION = 1;
				DEVELOPMENT_TEAM = 79WWGD3DV6;
				GENERATE_INFOPLIST_FILE = YES;
				MARKETING_VERSION = 1.0;
				PRODUCT_BUNDLE_IDENTIFIER = "FU.SwiftUI-Coredata-introUITests";
				PRODUCT_NAME = "$(TARGET_NAME)";
				SWIFT_EMIT_LOC_STRINGS = NO;
				SWIFT_VERSION = 5.0;
				TARGETED_DEVICE_FAMILY = "1,2";
				TEST_TARGET_NAME = "SwiftUI-Coredata-intro";
			};
			name = Release;
		};
/* End XCBuildConfiguration section */

/* Begin XCConfigurationList section */
		3386137629FFBF66000558A6 /* Build configuration list for PBXProject "SwiftUI-Coredata-intro" */ = {
			isa = XCConfigurationList;
			buildConfigurations = (
				338613A229FFBF68000558A6 /* Debug */,
				338613A329FFBF68000558A6 /* Release */,
			);
			defaultConfigurationIsVisible = 0;
			defaultConfigurationName = Release;
		};
		338613A429FFBF68000558A6 /* Build configuration list for PBXNativeTarget "SwiftUI-Coredata-intro" */ = {
			isa = XCConfigurationList;
			buildConfigurations = (
				338613A529FFBF68000558A6 /* Debug */,
				338613A629FFBF68000558A6 /* Release */,
			);
			defaultConfigurationIsVisible = 0;
			defaultConfigurationName = Release;
		};
		338613A729FFBF68000558A6 /* Build configuration list for PBXNativeTarget "SwiftUI-Coredata-introTests" */ = {
			isa = XCConfigurationList;
			buildConfigurations = (
				338613A829FFBF68000558A6 /* Debug */,
				338613A929FFBF68000558A6 /* Release */,
			);
			defaultConfigurationIsVisible = 0;
			defaultConfigurationName = Release;
		};
		338613AA29FFBF68000558A6 /* Build configuration list for PBXNativeTarget "SwiftUI-Coredata-introUITests" */ = {
			isa = XCConfigurationList;
			buildConfigurations = (
				338613AB29FFBF68000558A6 /* Debug */,
				338613AC29FFBF68000558A6 /* Release */,
			);
			defaultConfigurationIsVisible = 0;
			defaultConfigurationName = Release;
		};
/* End XCConfigurationList section */

/* Begin XCVersionGroup section */
		3386138929FFBF68000558A6 /* SwiftUI_Coredata_intro.xcdatamodeld */ = {
			isa = XCVersionGroup;
			children = (
				3386138A29FFBF68000558A6 /* SwiftUI_Coredata_intro.xcdatamodel */,
			);
			currentVersion = 3386138A29FFBF68000558A6 /* SwiftUI_Coredata_intro.xcdatamodel */;
			path = SwiftUI_Coredata_intro.xcdatamodeld;
			sourceTree = "<group>";
			versionGroupType = wrapper.xcdatamodel;
		};
/* End XCVersionGroup section */
	};
	rootObject = 3386137329FFBF66000558A6 /* Project object */;
}
